
Microsoft Visual Studio Solution File, Format Version 12.00
# Visual Studio Version 17
VisualStudioVersion = 17.10.35013.160
MinimumVisualStudioVersion = 10.0.40219.1
Project("{8BC9CEB8-8B4A-11D0-8D11-00A0C91BC942}") = "SimUDuck", "SimUDuck\SimUDuck.vcxproj", "{0E10F672-F8C1-41C9-8B75-F542626A3E1C}"
EndProject
Project("{8BC9CEB8-8B4A-11D0-8D11-00A0C91BC942}") = "Lib", "Lib\Lib.vcxproj", "{5D4783CA-A2C3-4AA0-9EBE-2D527B26E5FF}"
EndProject
Global
	GlobalSection(SolutionConfigurationPlatforms) = preSolution
		Debug|x64 = Debug|x64
		Debug|x86 = Debug|x86
		Release|x64 = Release|x64
		Release|x86 = Release|x86
	EndGlobalSection
	GlobalSection(ProjectConfigurationPlatforms) = postSolution
		{0E10F672-F8C1-41C9-8B75-F542626A3E1C}.Debug|x64.ActiveCfg = Debug|x64
		{0E10F672-F8C1-41C9-8B75-F542626A3E1C}.Debug|x64.Build.0 = Debug|x64
		{0E10F672-F8C1-41C9-8B75-F542626A3E1C}.Debug|x86.ActiveCfg = Debug|Win32
		{0E10F672-F8C1-41C9-8B75-F542626A3E1C}.Debug|x86.Build.0 = Debug|Win32
		{0E10F672-F8C1-41C9-8B75-F542626A3E1C}.Release|x64.ActiveCfg = Release|x64
		{0E10F672-F8C1-41C9-8B75-F542626A3E1C}.Release|x64.Build.0 = Release|x64
		{0E10F672-F8C1-41C9-8B75-F542626A3E1C}.Release|x86.ActiveCfg = Release|Win32
		{0E10F672-F8C1-41C9-8B75-F542626A3E1C}.Release|x86.Build.0 = Release|Win32
		{5D4783CA-A2C3-4AA0-9EBE-2D527B26E5FF}.Debug|x64.ActiveCfg = Debug|x64
		{5D4783CA-A2C3-4AA0-9EBE-2D527B26E5FF}.Debug|x64.Build.0 = Debug|x64
		{5D4783CA-A2C3-4AA0-9EBE-2D527B26E5FF}.Debug|x86.ActiveCfg = Debug|Win32
		{5D4783CA-A2C3-4AA0-9EBE-2D527B26E5FF}.Debug|x86.Build.0 = Debug|Win32
		{5D4783CA-A2C3-4AA0-9EBE-2D527B26E5FF}.Release|x64.ActiveCfg = Release|x64
		{5D4783CA-A2C3-4AA0-9EBE-2D527B26E5FF}.Release|x64.Build.0 = Release|x64
		{5D4783CA-A2C3-4AA0-9EBE-2D527B26E5FF}.Release|x86.ActiveCfg = Release|Win32
		{5D4783CA-A2C3-4AA0-9EBE-2D527B26E5FF}.Release|x86.Build.0 = Release|Win32
	EndGlobalSection
	GlobalSection(SolutionProperties) = preSolution
		HideSolutionNode = FALSE
	EndGlobalSection
	GlobalSection(ExtensibilityGlobals) = postSolution
		SolutionGuid = {34738CE4-3676-447A-AC8A-C3BB4C908042}
	EndGlobalSection
EndGlobal
